{
  "name": "Commerce.InStoreQandA",
  "lockfileVersion": 2,
  "requires": true,
  "packages": {
    "": {
      "dependencies": {
        "@microsoft/applicationinsights-web": "^2.8.8"
      }
    },
    "node_modules/@microsoft/applicationinsights-analytics-js": {
      "version": "2.8.8",
      "resolved": "https://registry.npmjs.org/@microsoft/applicationinsights-analytics-js/-/applicationinsights-analytics-js-2.8.8.tgz",
      "integrity": "sha512-wInqs1fUyr+F01Mzu8o4k+cf7yfScLqP/9lFn00CBXBae0GWKkNWUjEhFQlBgV4cVZthLaquevpXAYlbVQ2nWg==",
      "dependencies": {
        "@microsoft/applicationinsights-common": "2.8.8",
        "@microsoft/applicationinsights-core-js": "2.8.8",
        "@microsoft/applicationinsights-shims": "2.0.1",
        "@microsoft/dynamicproto-js": "^1.1.6"
      },
      "peerDependencies": {
        "tslib": "*"
      }
    },
    "node_modules/@microsoft/applicationinsights-channel-js": {
      "version": "2.8.8",
      "resolved": "https://registry.npmjs.org/@microsoft/applicationinsights-channel-js/-/applicationinsights-channel-js-2.8.8.tgz",
      "integrity": "sha512-8A7Azh1np3wz2ZKM7tvGbtQLsse6bedPa2ZKgdI86mOVI7jzTwq+HKI5N/nDjyKCMPNBrveg2f9PXdZdgPLzwA==",
      "dependencies": {
        "@microsoft/applicationinsights-common": "2.8.8",
        "@microsoft/applicationinsights-core-js": "2.8.8",
        "@microsoft/applicationinsights-shims": "2.0.1",
        "@microsoft/dynamicproto-js": "^1.1.6"
      },
      "peerDependencies": {
        "tslib": "*"
      }
    },
    "node_modules/@microsoft/applicationinsights-common": {
      "version": "2.8.8",
      "resolved": "https://registry.npmjs.org/@microsoft/applicationinsights-common/-/applicationinsights-common-2.8.8.tgz",
      "integrity": "sha512-+gvFSqguPK/hpdzY6FzgPAhR0uZPzIKS6LoEi9ET84SVGS0V/5251yZrqFjrGELJMS00YRHKZiWD03u1IUnLTw==",
      "dependencies": {
        "@microsoft/applicationinsights-core-js": "2.8.8",
        "@microsoft/applicationinsights-shims": "2.0.1",
        "@microsoft/dynamicproto-js": "^1.1.6"
      },
      "peerDependencies": {
        "tslib": "*"
      }
    },
    "node_modules/@microsoft/applicationinsights-core-js": {
      "version": "2.8.8",
      "resolved": "https://registry.npmjs.org/@microsoft/applicationinsights-core-js/-/applicationinsights-core-js-2.8.8.tgz",
      "integrity": "sha512-SuEkiqXFRWoptonfLxBd/kV9VYz+RbW+cBR/AHL3W6D9DyhctAyrxrtTHd2r6oxZlndAi2L3gHXANSjF/ahqyg==",
      "dependencies": {
        "@microsoft/applicationinsights-shims": "2.0.1",
        "@microsoft/dynamicproto-js": "^1.1.6"
      },
      "peerDependencies": {
        "tslib": "*"
      }
    },
    "node_modules/@microsoft/applicationinsights-dependencies-js": {
      "version": "2.8.8",
      "resolved": "https://registry.npmjs.org/@microsoft/applicationinsights-dependencies-js/-/applicationinsights-dependencies-js-2.8.8.tgz",
      "integrity": "sha512-maCin61yTCVVsk3AQySg7ib1BnCwyIh7R9SPB5VRFxaZTWBa/n5n2pEVxoALBc91OVru8hAb1UlU5Sj/GGO9Lw==",
      "dependencies": {
        "@microsoft/applicationinsights-common": "2.8.8",
        "@microsoft/applicationinsights-core-js": "2.8.8",
        "@microsoft/applicationinsights-shims": "2.0.1",
        "@microsoft/dynamicproto-js": "^1.1.6"
      },
      "peerDependencies": {
        "tslib": "*"
      }
    },
    "node_modules/@microsoft/applicationinsights-properties-js": {
      "version": "2.8.8",
      "resolved": "https://registry.npmjs.org/@microsoft/applicationinsights-properties-js/-/applicationinsights-properties-js-2.8.8.tgz",
      "integrity": "sha512-sv/kH+xEYWVWlUwKnBH9ySQzatTVwOG7P2YqI020/6DwsQsPEiA8AuYLUOywXvRcDq0Hj+HOc/fPBEvFI7XUVQ==",
      "dependencies": {
        "@microsoft/applicationinsights-common": "2.8.8",
        "@microsoft/applicationinsights-core-js": "2.8.8",
        "@microsoft/applicationinsights-shims": "2.0.1",
        "@microsoft/dynamicproto-js": "^1.1.6"
      },
      "peerDependencies": {
        "tslib": "*"
      }
    },
    "node_modules/@microsoft/applicationinsights-shims": {
      "version": "2.0.1",
      "resolved": "https://registry.npmjs.org/@microsoft/applicationinsights-shims/-/applicationinsights-shims-2.0.1.tgz",
      "integrity": "sha512-G0MXf6R6HndRbDy9BbEj0zrLeuhwt2nsXk2zKtF0TnYo39KgYqhYC2ayIzKPTm2KAE+xzD7rgyLdZnrcRvt9WQ=="
    },
    "node_modules/@microsoft/applicationinsights-web": {
      "version": "2.8.8",
      "resolved": "https://registry.npmjs.org/@microsoft/applicationinsights-web/-/applicationinsights-web-2.8.8.tgz",
      "integrity": "sha512-mLOB2mpbEszWH565AqziMaUEls2S+PZQEyqRKZe+c1x65h7zxI5kMjznsclmpRyfd0i4mfsCGE6/HA4nQ3daHA==",
      "dependencies": {
        "@microsoft/applicationinsights-analytics-js": "2.8.8",
        "@microsoft/applicationinsights-channel-js": "2.8.8",
        "@microsoft/applicationinsights-common": "2.8.8",
        "@microsoft/applicationinsights-core-js": "2.8.8",
        "@microsoft/applicationinsights-dependencies-js": "2.8.8",
        "@microsoft/applicationinsights-properties-js": "2.8.8",
        "@microsoft/applicationinsights-shims": "2.0.1",
        "@microsoft/dynamicproto-js": "^1.1.6"
      },
      "peerDependencies": {
        "tslib": "*"
      }
    },
    "node_modules/@microsoft/dynamicproto-js": {
      "version": "1.1.7",
      "resolved": "https://registry.npmjs.org/@microsoft/dynamicproto-js/-/dynamicproto-js-1.1.7.tgz",
      "integrity": "sha512-SK3D3aVt+5vOOccKPnGaJWB5gQ8FuKfjboUJHedMP7gu54HqSCXX5iFXhktGD8nfJb0Go30eDvs/UDoTnR2kOA=="
    },
    "node_modules/tslib": {
      "version": "2.4.0",
      "resolved": "https://registry.npmjs.org/tslib/-/tslib-2.4.0.tgz",
      "integrity": "sha512-d6xOpEDfsi2CZVlPQzGeux8XMwLT9hssAsaPYExaQMuYskwb+x1x7J371tWlbBdWHroy99KnVB6qIkUbs5X3UQ==",
      "peer": true
    }
  },
  "dependencies": {
    "@microsoft/applicationinsights-analytics-js": {
      "version": "2.8.8",
      "resolved": "https://registry.npmjs.org/@microsoft/applicationinsights-analytics-js/-/applicationinsights-analytics-js-2.8.8.tgz",
      "integrity": "sha512-wInqs1fUyr+F01Mzu8o4k+cf7yfScLqP/9lFn00CBXBae0GWKkNWUjEhFQlBgV4cVZthLaquevpXAYlbVQ2nWg==",
      "requires": {
        "@microsoft/applicationinsights-common": "2.8.8",
        "@microsoft/applicationinsights-core-js": "2.8.8",
        "@microsoft/applicationinsights-shims": "2.0.1",
        "@microsoft/dynamicproto-js": "^1.1.6"
      }
    },
    "@microsoft/applicationinsights-channel-js": {
      "version": "2.8.8",
      "resolved": "https://registry.npmjs.org/@microsoft/applicationinsights-channel-js/-/applicationinsights-channel-js-2.8.8.tgz",
      "integrity": "sha512-8A7Azh1np3wz2ZKM7tvGbtQLsse6bedPa2ZKgdI86mOVI7jzTwq+HKI5N/nDjyKCMPNBrveg2f9PXdZdgPLzwA==",
      "requires": {
        "@microsoft/applicationinsights-common": "2.8.8",
        "@microsoft/applicationinsights-core-js": "2.8.8",
        "@microsoft/applicationinsights-shims": "2.0.1",
        "@microsoft/dynamicproto-js": "^1.1.6"
      }
    },
    "@microsoft/applicationinsights-common": {
      "version": "2.8.8",
      "resolved": "https://registry.npmjs.org/@microsoft/applicationinsights-common/-/applicationinsights-common-2.8.8.tgz",
      "integrity": "sha512-+gvFSqguPK/hpdzY6FzgPAhR0uZPzIKS6LoEi9ET84SVGS0V/5251yZrqFjrGELJMS00YRHKZiWD03u1IUnLTw==",
      "requires": {
        "@microsoft/applicationinsights-core-js": "2.8.8",
        "@microsoft/applicationinsights-shims": "2.0.1",
        "@microsoft/dynamicproto-js": "^1.1.6"
      }
    },
    "@microsoft/applicationinsights-core-js": {
      "version": "2.8.8",
      "resolved": "https://registry.npmjs.org/@microsoft/applicationinsights-core-js/-/applicationinsights-core-js-2.8.8.tgz",
      "integrity": "sha512-SuEkiqXFRWoptonfLxBd/kV9VYz+RbW+cBR/AHL3W6D9DyhctAyrxrtTHd2r6oxZlndAi2L3gHXANSjF/ahqyg==",
      "requires": {
        "@microsoft/applicationinsights-shims": "2.0.1",
        "@microsoft/dynamicproto-js": "^1.1.6"
      }
    },
    "@microsoft/applicationinsights-dependencies-js": {
      "version": "2.8.8",
      "resolved": "https://registry.npmjs.org/@microsoft/applicationinsights-dependencies-js/-/applicationinsights-dependencies-js-2.8.8.tgz",
      "integrity": "sha512-maCin61yTCVVsk3AQySg7ib1BnCwyIh7R9SPB5VRFxaZTWBa/n5n2pEVxoALBc91OVru8hAb1UlU5Sj/GGO9Lw==",
      "requires": {
        "@microsoft/applicationinsights-common": "2.8.8",
        "@microsoft/applicationinsights-core-js": "2.8.8",
        "@microsoft/applicationinsights-shims": "2.0.1",
        "@microsoft/dynamicproto-js": "^1.1.6"
      }
    },
    "@microsoft/applicationinsights-properties-js": {
      "version": "2.8.8",
      "resolved": "https://registry.npmjs.org/@microsoft/applicationinsights-properties-js/-/applicationinsights-properties-js-2.8.8.tgz",
      "integrity": "sha512-sv/kH+xEYWVWlUwKnBH9ySQzatTVwOG7P2YqI020/6DwsQsPEiA8AuYLUOywXvRcDq0Hj+HOc/fPBEvFI7XUVQ==",
      "requires": {
        "@microsoft/applicationinsights-common": "2.8.8",
        "@microsoft/applicationinsights-core-js": "2.8.8",
        "@microsoft/applicationinsights-shims": "2.0.1",
        "@microsoft/dynamicproto-js": "^1.1.6"
      }
    },
    "@microsoft/applicationinsights-shims": {
      "version": "2.0.1",
      "resolved": "https://registry.npmjs.org/@microsoft/applicationinsights-shims/-/applicationinsights-shims-2.0.1.tgz",
      "integrity": "sha512-G0MXf6R6HndRbDy9BbEj0zrLeuhwt2nsXk2zKtF0TnYo39KgYqhYC2ayIzKPTm2KAE+xzD7rgyLdZnrcRvt9WQ=="
    },
    "@microsoft/applicationinsights-web": {
      "version": "2.8.8",
      "resolved": "https://registry.npmjs.org/@microsoft/applicationinsights-web/-/applicationinsights-web-2.8.8.tgz",
      "integrity": "sha512-mLOB2mpbEszWH565AqziMaUEls2S+PZQEyqRKZe+c1x65h7zxI5kMjznsclmpRyfd0i4mfsCGE6/HA4nQ3daHA==",
      "requires": {
        "@microsoft/applicationinsights-analytics-js": "2.8.8",
        "@microsoft/applicationinsights-channel-js": "2.8.8",
        "@microsoft/applicationinsights-common": "2.8.8",
        "@microsoft/applicationinsights-core-js": "2.8.8",
        "@microsoft/applicationinsights-dependencies-js": "2.8.8",
        "@microsoft/applicationinsights-properties-js": "2.8.8",
        "@microsoft/applicationinsights-shims": "2.0.1",
        "@microsoft/dynamicproto-js": "^1.1.6"
      }
    },
    "@microsoft/dynamicproto-js": {
      "version": "1.1.7",
      "resolved": "https://registry.npmjs.org/@microsoft/dynamicproto-js/-/dynamicproto-js-1.1.7.tgz",
      "integrity": "sha512-SK3D3aVt+5vOOccKPnGaJWB5gQ8FuKfjboUJHedMP7gu54HqSCXX5iFXhktGD8nfJb0Go30eDvs/UDoTnR2kOA=="
    },
    "tslib": {
      "version": "2.4.0",
      "resolved": "https://registry.npmjs.org/tslib/-/tslib-2.4.0.tgz",
      "integrity": "sha512-d6xOpEDfsi2CZVlPQzGeux8XMwLT9hssAsaPYExaQMuYskwb+x1x7J371tWlbBdWHroy99KnVB6qIkUbs5X3UQ==",
      "peer": true
    }
  }
}
